
Microsoft Visual Studio Solution File, Format Version 12.00
# Visual Studio 2012
Project("{FAE04EC0-301F-11D3-BF4B-00C04F79EFBC}") = "NserviceBus.Instrumentation.Agent", "NserviceBus.Instrumentation.Agent\NserviceBus.Instrumentation.Agent.csproj", "{AE76F876-8B66-4D4C-9429-7D9A30E379E3}"
EndProject
Project("{FAE04EC0-301F-11D3-BF4B-00C04F79EFBC}") = "NserviceBus.Instrumentation.Interfaces", "NserviceBus.Instrumentation.Interfaces\NserviceBus.Instrumentation.Interfaces.csproj", "{22FBE544-8410-4131-8C49-6EE11270E34F}"
EndProject
Project("{FAE04EC0-301F-11D3-BF4B-00C04F79EFBC}") = "NserviceBus.Instrumentation.Providers.Saga", "NserviceBus.Instrumentation.Providers.Saga\NserviceBus.Instrumentation.Providers.Saga.csproj", "{C43234BD-5B7B-4F13-9C10-0384488CFCDC}"
EndProject
Global
	GlobalSection(SolutionConfigurationPlatforms) = preSolution
		Debug|Any CPU = Debug|Any CPU
		Release|Any CPU = Release|Any CPU
	EndGlobalSection
	GlobalSection(ProjectConfigurationPlatforms) = postSolution
		{22FBE544-8410-4131-8C49-6EE11270E34F}.Debug|Any CPU.ActiveCfg = Debug|Any CPU
		{22FBE544-8410-4131-8C49-6EE11270E34F}.Debug|Any CPU.Build.0 = Debug|Any CPU
		{22FBE544-8410-4131-8C49-6EE11270E34F}.Release|Any CPU.ActiveCfg = Release|Any CPU
		{22FBE544-8410-4131-8C49-6EE11270E34F}.Release|Any CPU.Build.0 = Release|Any CPU
		{AE76F876-8B66-4D4C-9429-7D9A30E379E3}.Debug|Any CPU.ActiveCfg = Debug|Any CPU
		{AE76F876-8B66-4D4C-9429-7D9A30E379E3}.Debug|Any CPU.Build.0 = Debug|Any CPU
		{AE76F876-8B66-4D4C-9429-7D9A30E379E3}.Release|Any CPU.ActiveCfg = Release|Any CPU
		{AE76F876-8B66-4D4C-9429-7D9A30E379E3}.Release|Any CPU.Build.0 = Release|Any CPU
		{C43234BD-5B7B-4F13-9C10-0384488CFCDC}.Debug|Any CPU.ActiveCfg = Debug|Any CPU
		{C43234BD-5B7B-4F13-9C10-0384488CFCDC}.Debug|Any CPU.Build.0 = Debug|Any CPU
		{C43234BD-5B7B-4F13-9C10-0384488CFCDC}.Release|Any CPU.ActiveCfg = Release|Any CPU
		{C43234BD-5B7B-4F13-9C10-0384488CFCDC}.Release|Any CPU.Build.0 = Release|Any CPU
	EndGlobalSection
	GlobalSection(SolutionProperties) = preSolution
		HideSolutionNode = FALSE
	EndGlobalSection
EndGlobal
